
Microsoft Visual Studio Solution File, Format Version 12.00
# Visual Studio Version 17
VisualStudioVersion = 17.0.31717.71
MinimumVisualStudioVersion = 10.0.40219.1
Project("{FAE04EC0-301F-11D3-BF4B-00C04F79EFBC}") = "SecureGraphApp", "SecureGraphApp\SecureGraphApp.csproj", "{629C8287-6925-477F-9D9A-548DCDE7E525}"
EndProject
Global
	GlobalSection(SolutionConfigurationPlatforms) = preSolution
		Debug|Any CPU = Debug|Any CPU
		Release|Any CPU = Release|Any CPU
	EndGlobalSection
	GlobalSection(ProjectConfigurationPlatforms) = postSolution
		{629C8287-6925-477F-9D9A-548DCDE7E525}.Debug|Any CPU.ActiveCfg = Debug|Any CPU
		{629C8287-6925-477F-9D9A-548DCDE7E525}.Debug|Any CPU.Build.0 = Debug|Any CPU
		{629C8287-6925-477F-9D9A-548DCDE7E525}.Release|Any CPU.ActiveCfg = Release|Any CPU
		{629C8287-6925-477F-9D9A-548DCDE7E525}.Release|Any CPU.Build.0 = Release|Any CPU
	EndGlobalSection
	GlobalSection(SolutionProperties) = preSolution
		HideSolutionNode = FALSE
	EndGlobalSection
	GlobalSection(ExtensibilityGlobals) = postSolution
		SolutionGuid = {C6A087D8-FA61-4CB1-88EF-3A552F2B4740}
	EndGlobalSection
EndGlobal
